
Microsoft Visual Studio Solution File, Format Version 12.00
# Visual Studio 15
VisualStudioVersion = 15.0.28307.1169
MinimumVisualStudioVersion = 10.0.40219.1
Project("{FAE04EC0-301F-11D3-BF4B-00C04F79EFBC}") = "CompareImages", "CompareImages.csproj", "{FA53BB2E-E69A-4C84-98F2-101C7481349C}"
EndProject
Global
	GlobalSection(SolutionConfigurationPlatforms) = preSolution
		Debug|Any CPU = Debug|Any CPU
		Release|Any CPU = Release|Any CPU
	EndGlobalSection
	GlobalSection(ProjectConfigurationPlatforms) = postSolution
		{FA53BB2E-E69A-4C84-98F2-101C7481349C}.Debug|Any CPU.ActiveCfg = Debug|Any CPU
		{FA53BB2E-E69A-4C84-98F2-101C7481349C}.Debug|Any CPU.Build.0 = Debug|Any CPU
		{FA53BB2E-E69A-4C84-98F2-101C7481349C}.Release|Any CPU.ActiveCfg = Release|Any CPU
		{FA53BB2E-E69A-4C84-98F2-101C7481349C}.Release|Any CPU.Build.0 = Release|Any CPU
	EndGlobalSection
	GlobalSection(SolutionProperties) = preSolution
		HideSolutionNode = FALSE
	EndGlobalSection
	GlobalSection(ExtensibilityGlobals) = postSolution
		SolutionGuid = {5B562964-8708-4941-B625-DE71FFDE80C1}
	EndGlobalSection
EndGlobal
